// !$*UTF8*$!
{
	archiveVersion = 1;
	classes = {
	};
	objectVersion = 51;
	objects = {

/* Begin PBXBuildFile section */
		3E809B48933CA719C32FD670 /* Pods_SubManTests.framework in Frameworks */ = {isa = PBXBuildFile; fileRef = 55F0078F901201F1F2B257A5 /* Pods_SubManTests.framework */; };
		4779948466B9EE9770BC2174 /* Pods_SubMan_SubManUITests.framework in Frameworks */ = {isa = PBXBuildFile; fileRef = 45CEA9DC91FB9F3616CA9EAF /* Pods_SubMan_SubManUITests.framework */; };
		7D9FE21827259F7900883F4F /* SubscriptionsAPIRouter.swift in Sources */ = {isa = PBXBuildFile; fileRef = 7D9FE21727259F7900883F4F /* SubscriptionsAPIRouter.swift */; };
		7D9FE21A27259F9200883F4F /* CategoriesAPIRouter.swift in Sources */ = {isa = PBXBuildFile; fileRef = 7D9FE21927259F9200883F4F /* CategoriesAPIRouter.swift */; };
		7D9FE21C27259FE900883F4F /* CurrencyAPIRouter.swift in Sources */ = {isa = PBXBuildFile; fileRef = 7D9FE21B27259FE900883F4F /* CurrencyAPIRouter.swift */; };
		7D9FE21E2725A00D00883F4F /* SubscriptionsRepository.swift in Sources */ = {isa = PBXBuildFile; fileRef = 7D9FE21D2725A00D00883F4F /* SubscriptionsRepository.swift */; };
		7D9FE2202725A01E00883F4F /* CategoriesRepository.swift in Sources */ = {isa = PBXBuildFile; fileRef = 7D9FE21F2725A01E00883F4F /* CategoriesRepository.swift */; };
		7D9FE2222725A3A300883F4F /* SubscriptionsViewModel.swift in Sources */ = {isa = PBXBuildFile; fileRef = 7D9FE2212725A3A300883F4F /* SubscriptionsViewModel.swift */; };
		7D9FE2252725A4E400883F4F /* ViewController.swift in Sources */ = {isa = PBXBuildFile; fileRef = 7D9FE2242725A4E400883F4F /* ViewController.swift */; };
		7D9FE2282725A4F700883F4F /* Main.storyboard in Resources */ = {isa = PBXBuildFile; fileRef = 7D9FE2262725A4F700883F4F /* Main.storyboard */; };
		D5610E5A2725FC92000B3685 /* Login.storyboard in Resources */ = {isa = PBXBuildFile; fileRef = D5610E592725FC92000B3685 /* Login.storyboard */; };
		D5A27116272442D500F00251 /* AppDelegate.swift in Sources */ = {isa = PBXBuildFile; fileRef = D5A27115272442D500F00251 /* AppDelegate.swift */; };
		D5A27118272442D500F00251 /* SceneDelegate.swift in Sources */ = {isa = PBXBuildFile; fileRef = D5A27117272442D500F00251 /* SceneDelegate.swift */; };
		D5A2711F272442D900F00251 /* Assets.xcassets in Resources */ = {isa = PBXBuildFile; fileRef = D5A2711E272442D900F00251 /* Assets.xcassets */; };
		D5A27122272442D900F00251 /* LaunchScreen.storyboard in Resources */ = {isa = PBXBuildFile; fileRef = D5A27120272442D900F00251 /* LaunchScreen.storyboard */; };
		D5A2712D272442D900F00251 /* SubManTests.swift in Sources */ = {isa = PBXBuildFile; fileRef = D5A2712C272442D900F00251 /* SubManTests.swift */; };
		D5A27138272442D900F00251 /* SubManUITests.swift in Sources */ = {isa = PBXBuildFile; fileRef = D5A27137272442D900F00251 /* SubManUITests.swift */; };
		D5A271462724432400F00251 /* GoogleService-Info.plist in Resources */ = {isa = PBXBuildFile; fileRef = D5A271452724432400F00251 /* GoogleService-Info.plist */; };
		D5A2714D2724479F00F00251 /* ApiResponse.swift in Sources */ = {isa = PBXBuildFile; fileRef = D5A2714C2724479F00F00251 /* ApiResponse.swift */; };
		D5A2714F272449C300F00251 /* NetworkManager.swift in Sources */ = {isa = PBXBuildFile; fileRef = D5A2714E272449C300F00251 /* NetworkManager.swift */; };
		D5A27151272449DF00F00251 /* NetworkConstants.swift in Sources */ = {isa = PBXBuildFile; fileRef = D5A27150272449DF00F00251 /* NetworkConstants.swift */; };
		D5A271542724637A00F00251 /* FirebaseHelper.swift in Sources */ = {isa = PBXBuildFile; fileRef = D5A271532724637900F00251 /* FirebaseHelper.swift */; };
		D5A271562724655900F00251 /* CryptHelper.swift in Sources */ = {isa = PBXBuildFile; fileRef = D5A271552724655900F00251 /* CryptHelper.swift */; };
		D5A2715A2724675600F00251 /* LoginViewModel.swift in Sources */ = {isa = PBXBuildFile; fileRef = D5A271592724675600F00251 /* LoginViewModel.swift */; };
		D5A2715C2724685000F00251 /* LoginViewController.swift in Sources */ = {isa = PBXBuildFile; fileRef = D5A2715B2724685000F00251 /* LoginViewController.swift */; };
		D5A2716027246BC900F00251 /* UIViewController.swift in Sources */ = {isa = PBXBuildFile; fileRef = D5A2715F27246BC900F00251 /* UIViewController.swift */; };
		D5A2716227246C2400F00251 /* UIView.swift in Sources */ = {isa = PBXBuildFile; fileRef = D5A2716127246C2400F00251 /* UIView.swift */; };
		D5A2716A2724CB3E00F00251 /* SF-Pro-Text-Thin.otf in Resources */ = {isa = PBXBuildFile; fileRef = D5A271642724CB3C00F00251 /* SF-Pro-Text-Thin.otf */; };
		D5A2716B2724CB3E00F00251 /* SF-Pro-Text-Regular.otf in Resources */ = {isa = PBXBuildFile; fileRef = D5A271652724CB3D00F00251 /* SF-Pro-Text-Regular.otf */; };
		D5A2716C2724CB3E00F00251 /* SF-Pro-Text-ThinItalic.otf in Resources */ = {isa = PBXBuildFile; fileRef = D5A271662724CB3D00F00251 /* SF-Pro-Text-ThinItalic.otf */; };
		D5A2716D2724CB3E00F00251 /* SF-Pro-Text-Ultralight.otf in Resources */ = {isa = PBXBuildFile; fileRef = D5A271672724CB3D00F00251 /* SF-Pro-Text-Ultralight.otf */; };
		D5A2716E2724CB3E00F00251 /* SF-Pro-Text-Semibold.otf in Resources */ = {isa = PBXBuildFile; fileRef = D5A271682724CB3E00F00251 /* SF-Pro-Text-Semibold.otf */; };
		D5A2716F2724CB3E00F00251 /* SF-Pro-Text-Bold.otf in Resources */ = {isa = PBXBuildFile; fileRef = D5A271692724CB3E00F00251 /* SF-Pro-Text-Bold.otf */; };
		D5A271722724CDC700F00251 /* Subscriptions.storyboard in Resources */ = {isa = PBXBuildFile; fileRef = D5A271712724CDC700F00251 /* Subscriptions.storyboard */; };
		EE0C90C7764F2581F9409F9D /* Pods_SubMan.framework in Frameworks */ = {isa = PBXBuildFile; fileRef = ED01AF46FF16D3A1DB93B4F1 /* Pods_SubMan.framework */; };
/* End PBXBuildFile section */

/* Begin PBXContainerItemProxy section */
		D5A27129272442D900F00251 /* PBXContainerItemProxy */ = {
			isa = PBXContainerItemProxy;
			containerPortal = D5A2710A272442D500F00251 /* Project object */;
			proxyType = 1;
			remoteGlobalIDString = D5A27111272442D500F00251;
			remoteInfo = SubMan;
		};
		D5A27134272442D900F00251 /* PBXContainerItemProxy */ = {
			isa = PBXContainerItemProxy;
			containerPortal = D5A2710A272442D500F00251 /* Project object */;
			proxyType = 1;
			remoteGlobalIDString = D5A27111272442D500F00251;
			remoteInfo = SubMan;
		};
/* End PBXContainerItemProxy section */

/* Begin PBXFileReference section */
		45CEA9DC91FB9F3616CA9EAF /* Pods_SubMan_SubManUITests.framework */ = {isa = PBXFileReference; explicitFileType = wrapper.framework; includeInIndex = 0; path = Pods_SubMan_SubManUITests.framework; sourceTree = BUILT_PRODUCTS_DIR; };
		4772435EA4CCCCE646CF6576 /* Pods-SubMan.debug.xcconfig */ = {isa = PBXFileReference; includeInIndex = 1; lastKnownFileType = text.xcconfig; name = "Pods-SubMan.debug.xcconfig"; path = "Target Support Files/Pods-SubMan/Pods-SubMan.debug.xcconfig"; sourceTree = "<group>"; };
		4E0297447C6E1D134CFBAD6E /* Pods-SubManTests.release.xcconfig */ = {isa = PBXFileReference; includeInIndex = 1; lastKnownFileType = text.xcconfig; name = "Pods-SubManTests.release.xcconfig"; path = "Target Support Files/Pods-SubManTests/Pods-SubManTests.release.xcconfig"; sourceTree = "<group>"; };
		4FF0BE41500BD310993981DD /* Pods-SubManTests.debug.xcconfig */ = {isa = PBXFileReference; includeInIndex = 1; lastKnownFileType = text.xcconfig; name = "Pods-SubManTests.debug.xcconfig"; path = "Target Support Files/Pods-SubManTests/Pods-SubManTests.debug.xcconfig"; sourceTree = "<group>"; };
		55F0078F901201F1F2B257A5 /* Pods_SubManTests.framework */ = {isa = PBXFileReference; explicitFileType = wrapper.framework; includeInIndex = 0; path = Pods_SubManTests.framework; sourceTree = BUILT_PRODUCTS_DIR; };
		7D9FE21727259F7900883F4F /* SubscriptionsAPIRouter.swift */ = {isa = PBXFileReference; lastKnownFileType = sourcecode.swift; path = SubscriptionsAPIRouter.swift; sourceTree = "<group>"; };
		7D9FE21927259F9200883F4F /* CategoriesAPIRouter.swift */ = {isa = PBXFileReference; lastKnownFileType = sourcecode.swift; path = CategoriesAPIRouter.swift; sourceTree = "<group>"; };
		7D9FE21B27259FE900883F4F /* CurrencyAPIRouter.swift */ = {isa = PBXFileReference; lastKnownFileType = sourcecode.swift; path = CurrencyAPIRouter.swift; sourceTree = "<group>"; };
		7D9FE21D2725A00D00883F4F /* SubscriptionsRepository.swift */ = {isa = PBXFileReference; lastKnownFileType = sourcecode.swift; path = SubscriptionsRepository.swift; sourceTree = "<group>"; };
		7D9FE21F2725A01E00883F4F /* CategoriesRepository.swift */ = {isa = PBXFileReference; lastKnownFileType = sourcecode.swift; path = CategoriesRepository.swift; sourceTree = "<group>"; };
		7D9FE2212725A3A300883F4F /* SubscriptionsViewModel.swift */ = {isa = PBXFileReference; lastKnownFileType = sourcecode.swift; path = SubscriptionsViewModel.swift; sourceTree = "<group>"; };
		7D9FE2242725A4E400883F4F /* ViewController.swift */ = {isa = PBXFileReference; fileEncoding = 4; lastKnownFileType = sourcecode.swift; path = ViewController.swift; sourceTree = "<group>"; };
		7D9FE2272725A4F700883F4F /* Base */ = {isa = PBXFileReference; lastKnownFileType = file.storyboard; name = Base; path = Base.lproj/Main.storyboard; sourceTree = "<group>"; };
		BADA6CD107D138633E74D34C /* Pods-SubMan-SubManUITests.debug.xcconfig */ = {isa = PBXFileReference; includeInIndex = 1; lastKnownFileType = text.xcconfig; name = "Pods-SubMan-SubManUITests.debug.xcconfig"; path = "Target Support Files/Pods-SubMan-SubManUITests/Pods-SubMan-SubManUITests.debug.xcconfig"; sourceTree = "<group>"; };
		C9EEEC003E17C9DBC4EFBE64 /* Pods-SubMan.release.xcconfig */ = {isa = PBXFileReference; includeInIndex = 1; lastKnownFileType = text.xcconfig; name = "Pods-SubMan.release.xcconfig"; path = "Target Support Files/Pods-SubMan/Pods-SubMan.release.xcconfig"; sourceTree = "<group>"; };
		D1FBF51B5596BECE3036F0EF /* Pods-SubMan-SubManUITests.release.xcconfig */ = {isa = PBXFileReference; includeInIndex = 1; lastKnownFileType = text.xcconfig; name = "Pods-SubMan-SubManUITests.release.xcconfig"; path = "Target Support Files/Pods-SubMan-SubManUITests/Pods-SubMan-SubManUITests.release.xcconfig"; sourceTree = "<group>"; };
		D5610E592725FC92000B3685 /* Login.storyboard */ = {isa = PBXFileReference; lastKnownFileType = file.storyboard; path = Login.storyboard; sourceTree = "<group>"; };
		D5A27112272442D500F00251 /* SubMan.app */ = {isa = PBXFileReference; explicitFileType = wrapper.application; includeInIndex = 0; path = SubMan.app; sourceTree = BUILT_PRODUCTS_DIR; };
		D5A27115272442D500F00251 /* AppDelegate.swift */ = {isa = PBXFileReference; lastKnownFileType = sourcecode.swift; path = AppDelegate.swift; sourceTree = "<group>"; };
		D5A27117272442D500F00251 /* SceneDelegate.swift */ = {isa = PBXFileReference; lastKnownFileType = sourcecode.swift; path = SceneDelegate.swift; sourceTree = "<group>"; };
		D5A2711E272442D900F00251 /* Assets.xcassets */ = {isa = PBXFileReference; lastKnownFileType = folder.assetcatalog; path = Assets.xcassets; sourceTree = "<group>"; };
		D5A27121272442D900F00251 /* Base */ = {isa = PBXFileReference; lastKnownFileType = file.storyboard; name = Base; path = Base.lproj/LaunchScreen.storyboard; sourceTree = "<group>"; };
		D5A27123272442D900F00251 /* Info.plist */ = {isa = PBXFileReference; lastKnownFileType = text.plist.xml; path = Info.plist; sourceTree = "<group>"; };
		D5A27128272442D900F00251 /* SubManTests.xctest */ = {isa = PBXFileReference; explicitFileType = wrapper.cfbundle; includeInIndex = 0; path = SubManTests.xctest; sourceTree = BUILT_PRODUCTS_DIR; };
		D5A2712C272442D900F00251 /* SubManTests.swift */ = {isa = PBXFileReference; lastKnownFileType = sourcecode.swift; path = SubManTests.swift; sourceTree = "<group>"; };
		D5A2712E272442D900F00251 /* Info.plist */ = {isa = PBXFileReference; lastKnownFileType = text.plist.xml; path = Info.plist; sourceTree = "<group>"; };
		D5A27133272442D900F00251 /* SubManUITests.xctest */ = {isa = PBXFileReference; explicitFileType = wrapper.cfbundle; includeInIndex = 0; path = SubManUITests.xctest; sourceTree = BUILT_PRODUCTS_DIR; };
		D5A27137272442D900F00251 /* SubManUITests.swift */ = {isa = PBXFileReference; lastKnownFileType = sourcecode.swift; path = SubManUITests.swift; sourceTree = "<group>"; };
		D5A27139272442D900F00251 /* Info.plist */ = {isa = PBXFileReference; lastKnownFileType = text.plist.xml; path = Info.plist; sourceTree = "<group>"; };
		D5A271452724432400F00251 /* GoogleService-Info.plist */ = {isa = PBXFileReference; fileEncoding = 4; lastKnownFileType = text.plist.xml; path = "GoogleService-Info.plist"; sourceTree = "<group>"; };
		D5A2714C2724479F00F00251 /* ApiResponse.swift */ = {isa = PBXFileReference; lastKnownFileType = sourcecode.swift; path = ApiResponse.swift; sourceTree = "<group>"; };
		D5A2714E272449C300F00251 /* NetworkManager.swift */ = {isa = PBXFileReference; lastKnownFileType = sourcecode.swift; path = NetworkManager.swift; sourceTree = "<group>"; };
		D5A27150272449DF00F00251 /* NetworkConstants.swift */ = {isa = PBXFileReference; lastKnownFileType = sourcecode.swift; path = NetworkConstants.swift; sourceTree = "<group>"; };
		D5A271532724637900F00251 /* FirebaseHelper.swift */ = {isa = PBXFileReference; lastKnownFileType = sourcecode.swift; path = FirebaseHelper.swift; sourceTree = "<group>"; };
		D5A271552724655900F00251 /* CryptHelper.swift */ = {isa = PBXFileReference; lastKnownFileType = sourcecode.swift; path = CryptHelper.swift; sourceTree = "<group>"; };
		D5A271592724675600F00251 /* LoginViewModel.swift */ = {isa = PBXFileReference; lastKnownFileType = sourcecode.swift; path = LoginViewModel.swift; sourceTree = "<group>"; };
		D5A2715B2724685000F00251 /* LoginViewController.swift */ = {isa = PBXFileReference; lastKnownFileType = sourcecode.swift; path = LoginViewController.swift; sourceTree = "<group>"; };
		D5A2715F27246BC900F00251 /* UIViewController.swift */ = {isa = PBXFileReference; lastKnownFileType = sourcecode.swift; path = UIViewController.swift; sourceTree = "<group>"; };
		D5A2716127246C2400F00251 /* UIView.swift */ = {isa = PBXFileReference; lastKnownFileType = sourcecode.swift; path = UIView.swift; sourceTree = "<group>"; };
		D5A271642724CB3C00F00251 /* SF-Pro-Text-Thin.otf */ = {isa = PBXFileReference; lastKnownFileType = file; path = "SF-Pro-Text-Thin.otf"; sourceTree = "<group>"; };
		D5A271652724CB3D00F00251 /* SF-Pro-Text-Regular.otf */ = {isa = PBXFileReference; lastKnownFileType = file; path = "SF-Pro-Text-Regular.otf"; sourceTree = "<group>"; };
		D5A271662724CB3D00F00251 /* SF-Pro-Text-ThinItalic.otf */ = {isa = PBXFileReference; lastKnownFileType = file; path = "SF-Pro-Text-ThinItalic.otf"; sourceTree = "<group>"; };
		D5A271672724CB3D00F00251 /* SF-Pro-Text-Ultralight.otf */ = {isa = PBXFileReference; lastKnownFileType = file; path = "SF-Pro-Text-Ultralight.otf"; sourceTree = "<group>"; };
		D5A271682724CB3E00F00251 /* SF-Pro-Text-Semibold.otf */ = {isa = PBXFileReference; lastKnownFileType = file; path = "SF-Pro-Text-Semibold.otf"; sourceTree = "<group>"; };
		D5A271692724CB3E00F00251 /* SF-Pro-Text-Bold.otf */ = {isa = PBXFileReference; lastKnownFileType = file; path = "SF-Pro-Text-Bold.otf"; sourceTree = "<group>"; };
		D5A271712724CDC700F00251 /* Subscriptions.storyboard */ = {isa = PBXFileReference; lastKnownFileType = file.storyboard; path = Subscriptions.storyboard; sourceTree = "<group>"; };
		ED01AF46FF16D3A1DB93B4F1 /* Pods_SubMan.framework */ = {isa = PBXFileReference; explicitFileType = wrapper.framework; includeInIndex = 0; path = Pods_SubMan.framework; sourceTree = BUILT_PRODUCTS_DIR; };
/* End PBXFileReference section */

/* Begin PBXFrameworksBuildPhase section */
		D5A2710F272442D500F00251 /* Frameworks */ = {
			isa = PBXFrameworksBuildPhase;
			buildActionMask = 2147483647;
			files = (
				EE0C90C7764F2581F9409F9D /* Pods_SubMan.framework in Frameworks */,
			);
			runOnlyForDeploymentPostprocessing = 0;
		};
		D5A27125272442D900F00251 /* Frameworks */ = {
			isa = PBXFrameworksBuildPhase;
			buildActionMask = 2147483647;
			files = (
				3E809B48933CA719C32FD670 /* Pods_SubManTests.framework in Frameworks */,
			);
			runOnlyForDeploymentPostprocessing = 0;
		};
		D5A27130272442D900F00251 /* Frameworks */ = {
			isa = PBXFrameworksBuildPhase;
			buildActionMask = 2147483647;
			files = (
				4779948466B9EE9770BC2174 /* Pods_SubMan_SubManUITests.framework in Frameworks */,
			);
			runOnlyForDeploymentPostprocessing = 0;
		};
/* End PBXFrameworksBuildPhase section */

/* Begin PBXGroup section */
		7D9FE21527259D2B00883F4F /* Repository */ = {
			isa = PBXGroup;
			children = (
				7D9FE21D2725A00D00883F4F /* SubscriptionsRepository.swift */,
				7D9FE21F2725A01E00883F4F /* CategoriesRepository.swift */,
			);
			path = Repository;
			sourceTree = "<group>";
		};
		7D9FE21627259F6E00883F4F /* Endpoints */ = {
			isa = PBXGroup;
			children = (
				7D9FE21727259F7900883F4F /* SubscriptionsAPIRouter.swift */,
				7D9FE21927259F9200883F4F /* CategoriesAPIRouter.swift */,
				7D9FE21B27259FE900883F4F /* CurrencyAPIRouter.swift */,
			);
			path = Endpoints;
			sourceTree = "<group>";
		};
		7D9FE2232725A3B900883F4F /* Models */ = {
			isa = PBXGroup;
			children = (
			);
			path = Models;
			sourceTree = "<group>";
		};
		B7AC3384E3B6A8CDD05C0975 /* Pods */ = {
			isa = PBXGroup;
			children = (
				4772435EA4CCCCE646CF6576 /* Pods-SubMan.debug.xcconfig */,
				C9EEEC003E17C9DBC4EFBE64 /* Pods-SubMan.release.xcconfig */,
				BADA6CD107D138633E74D34C /* Pods-SubMan-SubManUITests.debug.xcconfig */,
				D1FBF51B5596BECE3036F0EF /* Pods-SubMan-SubManUITests.release.xcconfig */,
				4FF0BE41500BD310993981DD /* Pods-SubManTests.debug.xcconfig */,
				4E0297447C6E1D134CFBAD6E /* Pods-SubManTests.release.xcconfig */,
			);
			path = Pods;
			sourceTree = "<group>";
		};
		D38DC152088093CC1DAD4E7C /* Frameworks */ = {
			isa = PBXGroup;
			children = (
				ED01AF46FF16D3A1DB93B4F1 /* Pods_SubMan.framework */,
				45CEA9DC91FB9F3616CA9EAF /* Pods_SubMan_SubManUITests.framework */,
				55F0078F901201F1F2B257A5 /* Pods_SubManTests.framework */,
			);
			name = Frameworks;
			sourceTree = "<group>";
		};
		D5A27109272442D500F00251 = {
			isa = PBXGroup;
			children = (
				D5A27114272442D500F00251 /* SubMan */,
				D38DC152088093CC1DAD4E7C /* Frameworks */,
				B7AC3384E3B6A8CDD05C0975 /* Pods */,
				D5A27113272442D500F00251 /* Products */,
				D5A2712B272442D900F00251 /* SubManTests */,
				D5A27136272442D900F00251 /* SubManUITests */,
			);
			sourceTree = "<group>";
		};
		D5A27113272442D500F00251 /* Products */ = {
			isa = PBXGroup;
			children = (
				D5A27112272442D500F00251 /* SubMan.app */,
				D5A27128272442D900F00251 /* SubManTests.xctest */,
				D5A27133272442D900F00251 /* SubManUITests.xctest */,
			);
			name = Products;
			sourceTree = "<group>";
		};
		D5A27114272442D500F00251 /* SubMan */ = {
			isa = PBXGroup;
			children = (
				7D9FE2232725A3B900883F4F /* Models */,
				7D9FE21527259D2B00883F4F /* Repository */,
				D5A2714A2724471500F00251 /* DataManager */,
				D5A27148272446FC00F00251 /* Extensions */,
				D5A271472724468800F00251 /* Helpers */,
				D5A2714B2724472A00F00251 /* Modules */,
				D5A271492724470C00F00251 /* SupportingFiles */,
				D5A27120272442D900F00251 /* LaunchScreen.storyboard */,
				D5A271452724432400F00251 /* GoogleService-Info.plist */,
				7D9FE2262725A4F700883F4F /* Main.storyboard */,
				D5A27123272442D900F00251 /* Info.plist */,
				D5A27115272442D500F00251 /* AppDelegate.swift */,
				D5A27117272442D500F00251 /* SceneDelegate.swift */,
				7D9FE2242725A4E400883F4F /* ViewController.swift */,
			);
			path = SubMan;
			sourceTree = "<group>";
		};
		D5A2712B272442D900F00251 /* SubManTests */ = {
			isa = PBXGroup;
			children = (
				D5A2712C272442D900F00251 /* SubManTests.swift */,
				D5A2712E272442D900F00251 /* Info.plist */,
			);
			path = SubManTests;
			sourceTree = "<group>";
		};
		D5A27136272442D900F00251 /* SubManUITests */ = {
			isa = PBXGroup;
			children = (
				D5A27137272442D900F00251 /* SubManUITests.swift */,
				D5A27139272442D900F00251 /* Info.plist */,
			);
			path = SubManUITests;
			sourceTree = "<group>";
		};
		D5A271472724468800F00251 /* Helpers */ = {
			isa = PBXGroup;
			children = (
				D5A271532724637900F00251 /* FirebaseHelper.swift */,
				D5A271552724655900F00251 /* CryptHelper.swift */,
			);
			path = Helpers;
			sourceTree = "<group>";
		};
		D5A27148272446FC00F00251 /* Extensions */ = {
			isa = PBXGroup;
			children = (
				D5A2715F27246BC900F00251 /* UIViewController.swift */,
				D5A2716127246C2400F00251 /* UIView.swift */,
			);
			path = Extensions;
			sourceTree = "<group>";
		};
		D5A271492724470C00F00251 /* SupportingFiles */ = {
			isa = PBXGroup;
			children = (
				D5A271632724CAEB00F00251 /* Fonts */,
				D5A2711E272442D900F00251 /* Assets.xcassets */,
			);
			path = SupportingFiles;
			sourceTree = "<group>";
		};
		D5A2714A2724471500F00251 /* DataManager */ = {
			isa = PBXGroup;
			children = (
				7D9FE21627259F6E00883F4F /* Endpoints */,
				D5A2715227244A9600F00251 /* APIManager */,
				D5A2714C2724479F00F00251 /* ApiResponse.swift */,
			);
			path = DataManager;
			sourceTree = "<group>";
		};
		D5A2714B2724472A00F00251 /* Modules */ = {
			isa = PBXGroup;
			children = (
				D5A271702724CDAC00F00251 /* Subscriptions */,
				D5A271572724671D00F00251 /* Auth */,
			);
			path = Modules;
			sourceTree = "<group>";
		};
		D5A2715227244A9600F00251 /* APIManager */ = {
			isa = PBXGroup;
			children = (
				D5A27150272449DF00F00251 /* NetworkConstants.swift */,
				D5A2714E272449C300F00251 /* NetworkManager.swift */,
			);
			path = APIManager;
			sourceTree = "<group>";
		};
		D5A271572724671D00F00251 /* Auth */ = {
			isa = PBXGroup;
			children = (
				D5A271582724672C00F00251 /* Login */,
			);
			path = Auth;
			sourceTree = "<group>";
		};
		D5A271582724672C00F00251 /* Login */ = {
			isa = PBXGroup;
			children = (
				D5A271592724675600F00251 /* LoginViewModel.swift */,
				D5A2715B2724685000F00251 /* LoginViewController.swift */,
				D5610E592725FC92000B3685 /* Login.storyboard */,
			);
			path = Login;
			sourceTree = "<group>";
		};
		D5A271632724CAEB00F00251 /* Fonts */ = {
			isa = PBXGroup;
			children = (
				D5A271692724CB3E00F00251 /* SF-Pro-Text-Bold.otf */,
				D5A271652724CB3D00F00251 /* SF-Pro-Text-Regular.otf */,
				D5A271682724CB3E00F00251 /* SF-Pro-Text-Semibold.otf */,
				D5A271642724CB3C00F00251 /* SF-Pro-Text-Thin.otf */,
				D5A271662724CB3D00F00251 /* SF-Pro-Text-ThinItalic.otf */,
				D5A271672724CB3D00F00251 /* SF-Pro-Text-Ultralight.otf */,
			);
			path = Fonts;
			sourceTree = "<group>";
		};
		D5A271702724CDAC00F00251 /* Subscriptions */ = {
			isa = PBXGroup;
			children = (
				D5A271712724CDC700F00251 /* Subscriptions.storyboard */,
				7D9FE2212725A3A300883F4F /* SubscriptionsViewModel.swift */,
			);
			path = Subscriptions;
			sourceTree = "<group>";
		};
/* End PBXGroup section */

/* Begin PBXNativeTarget section */
		D5A27111272442D500F00251 /* SubMan */ = {
			isa = PBXNativeTarget;
			buildConfigurationList = D5A2713C272442D900F00251 /* Build configuration list for PBXNativeTarget "SubMan" */;
			buildPhases = (
				4E313C0052D85FF66580B302 /* [CP] Check Pods Manifest.lock */,
				D5A2710E272442D500F00251 /* Sources */,
				D5A2710F272442D500F00251 /* Frameworks */,
				D5A27110272442D500F00251 /* Resources */,
				6CE3C3F799961263862AA518 /* [CP] Embed Pods Frameworks */,
				E5827801CC841AE385B42515 /* [CP] Copy Pods Resources */,
			);
			buildRules = (
			);
			dependencies = (
			);
			name = SubMan;
			productName = SubMan;
			productReference = D5A27112272442D500F00251 /* SubMan.app */;
			productType = "com.apple.product-type.application";
		};
		D5A27127272442D900F00251 /* SubManTests */ = {
			isa = PBXNativeTarget;
			buildConfigurationList = D5A2713F272442D900F00251 /* Build configuration list for PBXNativeTarget "SubManTests" */;
			buildPhases = (
				50446CB031A90428006F136C /* [CP] Check Pods Manifest.lock */,
				D5A27124272442D900F00251 /* Sources */,
				D5A27125272442D900F00251 /* Frameworks */,
				D5A27126272442D900F00251 /* Resources */,
			);
			buildRules = (
			);
			dependencies = (
				D5A2712A272442D900F00251 /* PBXTargetDependency */,
			);
			name = SubManTests;
			productName = SubManTests;
			productReference = D5A27128272442D900F00251 /* SubManTests.xctest */;
			productType = "com.apple.product-type.bundle.unit-test";
		};
		D5A27132272442D900F00251 /* SubManUITests */ = {
			isa = PBXNativeTarget;
			buildConfigurationList = D5A27142272442D900F00251 /* Build configuration list for PBXNativeTarget "SubManUITests" */;
			buildPhases = (
				520CACFE0DB2793BCE7DA309 /* [CP] Check Pods Manifest.lock */,
				D5A2712F272442D900F00251 /* Sources */,
				D5A27130272442D900F00251 /* Frameworks */,
				D5A27131272442D900F00251 /* Resources */,
				E4BCF41A13479D0FD11E32C3 /* [CP] Embed Pods Frameworks */,
				AF39540E6D4F0917D63BC27B /* [CP] Copy Pods Resources */,
			);
			buildRules = (
			);
			dependencies = (
				D5A27135272442D900F00251 /* PBXTargetDependency */,
			);
			name = SubManUITests;
			productName = SubManUITests;
			productReference = D5A27133272442D900F00251 /* SubManUITests.xctest */;
			productType = "com.apple.product-type.bundle.ui-testing";
		};
/* End PBXNativeTarget section */

/* Begin PBXProject section */
		D5A2710A272442D500F00251 /* Project object */ = {
			isa = PBXProject;
			attributes = {
				LastSwiftUpdateCheck = 1250;
				LastUpgradeCheck = 1250;
				TargetAttributes = {
					D5A27111272442D500F00251 = {
						CreatedOnToolsVersion = 12.5.1;
					};
					D5A27127272442D900F00251 = {
						CreatedOnToolsVersion = 12.5.1;
						TestTargetID = D5A27111272442D500F00251;
					};
					D5A27132272442D900F00251 = {
						CreatedOnToolsVersion = 12.5.1;
						TestTargetID = D5A27111272442D500F00251;
					};
				};
			};
			buildConfigurationList = D5A2710D272442D500F00251 /* Build configuration list for PBXProject "SubMan" */;
			compatibilityVersion = "Xcode 9.3";
			developmentRegion = en;
			hasScannedForEncodings = 0;
			knownRegions = (
				en,
				Base,
			);
			mainGroup = D5A27109272442D500F00251;
			productRefGroup = D5A27113272442D500F00251 /* Products */;
			projectDirPath = "";
			projectRoot = "";
			targets = (
				D5A27111272442D500F00251 /* SubMan */,
				D5A27127272442D900F00251 /* SubManTests */,
				D5A27132272442D900F00251 /* SubManUITests */,
			);
		};
/* End PBXProject section */

/* Begin PBXResourcesBuildPhase section */
		D5A27110272442D500F00251 /* Resources */ = {
			isa = PBXResourcesBuildPhase;
			buildActionMask = 2147483647;
			files = (
				D5A2716C2724CB3E00F00251 /* SF-Pro-Text-ThinItalic.otf in Resources */,
				D5A27122272442D900F00251 /* LaunchScreen.storyboard in Resources */,
				D5A2716E2724CB3E00F00251 /* SF-Pro-Text-Semibold.otf in Resources */,
				7D9FE2282725A4F700883F4F /* Main.storyboard in Resources */,
				D5A271722724CDC700F00251 /* Subscriptions.storyboard in Resources */,
				D5A2711F272442D900F00251 /* Assets.xcassets in Resources */,
				D5A2716A2724CB3E00F00251 /* SF-Pro-Text-Thin.otf in Resources */,
				D5A2716F2724CB3E00F00251 /* SF-Pro-Text-Bold.otf in Resources */,
				D5A2716D2724CB3E00F00251 /* SF-Pro-Text-Ultralight.otf in Resources */,
				D5A271462724432400F00251 /* GoogleService-Info.plist in Resources */,
				D5A2716B2724CB3E00F00251 /* SF-Pro-Text-Regular.otf in Resources */,
				D5610E5A2725FC92000B3685 /* Login.storyboard in Resources */,
			);
			runOnlyForDeploymentPostprocessing = 0;
		};
		D5A27126272442D900F00251 /* Resources */ = {
			isa = PBXResourcesBuildPhase;
			buildActionMask = 2147483647;
			files = (
			);
			runOnlyForDeploymentPostprocessing = 0;
		};
		D5A27131272442D900F00251 /* Resources */ = {
			isa = PBXResourcesBuildPhase;
			buildActionMask = 2147483647;
			files = (
			);
			runOnlyForDeploymentPostprocessing = 0;
		};
/* End PBXResourcesBuildPhase section */

/* Begin PBXShellScriptBuildPhase section */
		4E313C0052D85FF66580B302 /* [CP] Check Pods Manifest.lock */ = {
			isa = PBXShellScriptBuildPhase;
			buildActionMask = 2147483647;
			files = (
			);
			inputFileListPaths = (
			);
			inputPaths = (
				"${PODS_PODFILE_DIR_PATH}/Podfile.lock",
				"${PODS_ROOT}/Manifest.lock",
			);
			name = "[CP] Check Pods Manifest.lock";
			outputFileListPaths = (
			);
			outputPaths = (
				"$(DERIVED_FILE_DIR)/Pods-SubMan-checkManifestLockResult.txt",
			);
			runOnlyForDeploymentPostprocessing = 0;
			shellPath = /bin/sh;
			shellScript = "diff \"${PODS_PODFILE_DIR_PATH}/Podfile.lock\" \"${PODS_ROOT}/Manifest.lock\" > /dev/null\nif [ $? != 0 ] ; then\n    # print error to STDERR\n    echo \"error: The sandbox is not in sync with the Podfile.lock. Run 'pod install' or update your CocoaPods installation.\" >&2\n    exit 1\nfi\n# This output is used by Xcode 'outputs' to avoid re-running this script phase.\necho \"SUCCESS\" > \"${SCRIPT_OUTPUT_FILE_0}\"\n";
			showEnvVarsInLog = 0;
		};
		50446CB031A90428006F136C /* [CP] Check Pods Manifest.lock */ = {
			isa = PBXShellScriptBuildPhase;
			buildActionMask = 2147483647;
			files = (
			);
			inputFileListPaths = (
			);
			inputPaths = (
				"${PODS_PODFILE_DIR_PATH}/Podfile.lock",
				"${PODS_ROOT}/Manifest.lock",
			);
			name = "[CP] Check Pods Manifest.lock";
			outputFileListPaths = (
			);
			outputPaths = (
				"$(DERIVED_FILE_DIR)/Pods-SubManTests-checkManifestLockResult.txt",
			);
			runOnlyForDeploymentPostprocessing = 0;
			shellPath = /bin/sh;
			shellScript = "diff \"${PODS_PODFILE_DIR_PATH}/Podfile.lock\" \"${PODS_ROOT}/Manifest.lock\" > /dev/null\nif [ $? != 0 ] ; then\n    # print error to STDERR\n    echo \"error: The sandbox is not in sync with the Podfile.lock. Run 'pod install' or update your CocoaPods installation.\" >&2\n    exit 1\nfi\n# This output is used by Xcode 'outputs' to avoid re-running this script phase.\necho \"SUCCESS\" > \"${SCRIPT_OUTPUT_FILE_0}\"\n";
			showEnvVarsInLog = 0;
		};
		520CACFE0DB2793BCE7DA309 /* [CP] Check Pods Manifest.lock */ = {
			isa = PBXShellScriptBuildPhase;
			buildActionMask = 2147483647;
			files = (
			);
			inputFileListPaths = (
			);
			inputPaths = (
				"${PODS_PODFILE_DIR_PATH}/Podfile.lock",
				"${PODS_ROOT}/Manifest.lock",
			);
			name = "[CP] Check Pods Manifest.lock";
			outputFileListPaths = (
			);
			outputPaths = (
				"$(DERIVED_FILE_DIR)/Pods-SubMan-SubManUITests-checkManifestLockResult.txt",
			);
			runOnlyForDeploymentPostprocessing = 0;
			shellPath = /bin/sh;
			shellScript = "diff \"${PODS_PODFILE_DIR_PATH}/Podfile.lock\" \"${PODS_ROOT}/Manifest.lock\" > /dev/null\nif [ $? != 0 ] ; then\n    # print error to STDERR\n    echo \"error: The sandbox is not in sync with the Podfile.lock. Run 'pod install' or update your CocoaPods installation.\" >&2\n    exit 1\nfi\n# This output is used by Xcode 'outputs' to avoid re-running this script phase.\necho \"SUCCESS\" > \"${SCRIPT_OUTPUT_FILE_0}\"\n";
			showEnvVarsInLog = 0;
		};
		6CE3C3F799961263862AA518 /* [CP] Embed Pods Frameworks */ = {
			isa = PBXShellScriptBuildPhase;
			buildActionMask = 2147483647;
			files = (
			);
			inputFileListPaths = (
				"${PODS_ROOT}/Target Support Files/Pods-SubMan/Pods-SubMan-frameworks-${CONFIGURATION}-input-files.xcfilelist",
			);
			name = "[CP] Embed Pods Frameworks";
			outputFileListPaths = (
				"${PODS_ROOT}/Target Support Files/Pods-SubMan/Pods-SubMan-frameworks-${CONFIGURATION}-output-files.xcfilelist",
			);
			runOnlyForDeploymentPostprocessing = 0;
			shellPath = /bin/sh;
			shellScript = "\"${PODS_ROOT}/Target Support Files/Pods-SubMan/Pods-SubMan-frameworks.sh\"\n";
			showEnvVarsInLog = 0;
		};
		AF39540E6D4F0917D63BC27B /* [CP] Copy Pods Resources */ = {
			isa = PBXShellScriptBuildPhase;
			buildActionMask = 2147483647;
			files = (
			);
			inputFileListPaths = (
				"${PODS_ROOT}/Target Support Files/Pods-SubMan-SubManUITests/Pods-SubMan-SubManUITests-resources-${CONFIGURATION}-input-files.xcfilelist",
			);
			name = "[CP] Copy Pods Resources";
			outputFileListPaths = (
				"${PODS_ROOT}/Target Support Files/Pods-SubMan-SubManUITests/Pods-SubMan-SubManUITests-resources-${CONFIGURATION}-output-files.xcfilelist",
			);
			runOnlyForDeploymentPostprocessing = 0;
			shellPath = /bin/sh;
			shellScript = "\"${PODS_ROOT}/Target Support Files/Pods-SubMan-SubManUITests/Pods-SubMan-SubManUITests-resources.sh\"\n";
			showEnvVarsInLog = 0;
		};
		E4BCF41A13479D0FD11E32C3 /* [CP] Embed Pods Frameworks */ = {
			isa = PBXShellScriptBuildPhase;
			buildActionMask = 2147483647;
			files = (
			);
			inputFileListPaths = (
				"${PODS_ROOT}/Target Support Files/Pods-SubMan-SubManUITests/Pods-SubMan-SubManUITests-frameworks-${CONFIGURATION}-input-files.xcfilelist",
			);
			name = "[CP] Embed Pods Frameworks";
			outputFileListPaths = (
				"${PODS_ROOT}/Target Support Files/Pods-SubMan-SubManUITests/Pods-SubMan-SubManUITests-frameworks-${CONFIGURATION}-output-files.xcfilelist",
			);
			runOnlyForDeploymentPostprocessing = 0;
			shellPath = /bin/sh;
			shellScript = "\"${PODS_ROOT}/Target Support Files/Pods-SubMan-SubManUITests/Pods-SubMan-SubManUITests-frameworks.sh\"\n";
			showEnvVarsInLog = 0;
		};
		E5827801CC841AE385B42515 /* [CP] Copy Pods Resources */ = {
			isa = PBXShellScriptBuildPhase;
			buildActionMask = 2147483647;
			files = (
			);
			inputFileListPaths = (
				"${PODS_ROOT}/Target Support Files/Pods-SubMan/Pods-SubMan-resources-${CONFIGURATION}-input-files.xcfilelist",
			);
			name = "[CP] Copy Pods Resources";
			outputFileListPaths = (
				"${PODS_ROOT}/Target Support Files/Pods-SubMan/Pods-SubMan-resources-${CONFIGURATION}-output-files.xcfilelist",
			);
			runOnlyForDeploymentPostprocessing = 0;
			shellPath = /bin/sh;
			shellScript = "\"${PODS_ROOT}/Target Support Files/Pods-SubMan/Pods-SubMan-resources.sh\"\n";
			showEnvVarsInLog = 0;
		};
/* End PBXShellScriptBuildPhase section */

/* Begin PBXSourcesBuildPhase section */
		D5A2710E272442D500F00251 /* Sources */ = {
			isa = PBXSourcesBuildPhase;
			buildActionMask = 2147483647;
			files = (
				D5A271542724637A00F00251 /* FirebaseHelper.swift in Sources */,
				D5A27151272449DF00F00251 /* NetworkConstants.swift in Sources */,
				7D9FE21A27259F9200883F4F /* CategoriesAPIRouter.swift in Sources */,
				D5A2716027246BC900F00251 /* UIViewController.swift in Sources */,
				D5A2716227246C2400F00251 /* UIView.swift in Sources */,
				D5A2714D2724479F00F00251 /* ApiResponse.swift in Sources */,
				D5A2714F272449C300F00251 /* NetworkManager.swift in Sources */,
				D5A27116272442D500F00251 /* AppDelegate.swift in Sources */,
				7D9FE2202725A01E00883F4F /* CategoriesRepository.swift in Sources */,
				7D9FE21C27259FE900883F4F /* CurrencyAPIRouter.swift in Sources */,
				D5A271562724655900F00251 /* CryptHelper.swift in Sources */,
				D5A27118272442D500F00251 /* SceneDelegate.swift in Sources */,
				7D9FE2252725A4E400883F4F /* ViewController.swift in Sources */,
				7D9FE21827259F7900883F4F /* SubscriptionsAPIRouter.swift in Sources */,
				D5A2715C2724685000F00251 /* LoginViewController.swift in Sources */,
				7D9FE2222725A3A300883F4F /* SubscriptionsViewModel.swift in Sources */,
				D5A2715A2724675600F00251 /* LoginViewModel.swift in Sources */,
				7D9FE21E2725A00D00883F4F /* SubscriptionsRepository.swift in Sources */,
			);
			runOnlyForDeploymentPostprocessing = 0;
		};
		D5A27124272442D900F00251 /* Sources */ = {
			isa = PBXSourcesBuildPhase;
			buildActionMask = 2147483647;
			files = (
				D5A2712D272442D900F00251 /* SubManTests.swift in Sources */,
			);
			runOnlyForDeploymentPostprocessing = 0;
		};
		D5A2712F272442D900F00251 /* Sources */ = {
			isa = PBXSourcesBuildPhase;
			buildActionMask = 2147483647;
			files = (
				D5A27138272442D900F00251 /* SubManUITests.swift in Sources */,
			);
			runOnlyForDeploymentPostprocessing = 0;
		};
/* End PBXSourcesBuildPhase section */

/* Begin PBXTargetDependency section */
		D5A2712A272442D900F00251 /* PBXTargetDependency */ = {
			isa = PBXTargetDependency;
			target = D5A27111272442D500F00251 /* SubMan */;
			targetProxy = D5A27129272442D900F00251 /* PBXContainerItemProxy */;
		};
		D5A27135272442D900F00251 /* PBXTargetDependency */ = {
			isa = PBXTargetDependency;
			target = D5A27111272442D500F00251 /* SubMan */;
			targetProxy = D5A27134272442D900F00251 /* PBXContainerItemProxy */;
		};
/* End PBXTargetDependency section */

/* Begin PBXVariantGroup section */
		7D9FE2262725A4F700883F4F /* Main.storyboard */ = {
			isa = PBXVariantGroup;
			children = (
				7D9FE2272725A4F700883F4F /* Base */,
			);
			name = Main.storyboard;
			sourceTree = "<group>";
		};
		D5A27120272442D900F00251 /* LaunchScreen.storyboard */ = {
			isa = PBXVariantGroup;
			children = (
				D5A27121272442D900F00251 /* Base */,
			);
			name = LaunchScreen.storyboard;
			sourceTree = "<group>";
		};
/* End PBXVariantGroup section */

/* Begin XCBuildConfiguration section */
		D5A2713A272442D900F00251 /* Debug */ = {
			isa = XCBuildConfiguration;
			buildSettings = {
				ALWAYS_SEARCH_USER_PATHS = NO;
				CLANG_ANALYZER_NONNULL = YES;
				CLANG_ANALYZER_NUMBER_OBJECT_CONVERSION = YES_AGGRESSIVE;
				CLANG_CXX_LANGUAGE_STANDARD = "gnu++14";
				CLANG_CXX_LIBRARY = "libc++";
				CLANG_ENABLE_MODULES = YES;
				CLANG_ENABLE_OBJC_ARC = YES;
				CLANG_ENABLE_OBJC_WEAK = YES;
				CLANG_WARN_BLOCK_CAPTURE_AUTORELEASING = YES;
				CLANG_WARN_BOOL_CONVERSION = YES;
				CLANG_WARN_COMMA = YES;
				CLANG_WARN_CONSTANT_CONVERSION = YES;
				CLANG_WARN_DEPRECATED_OBJC_IMPLEMENTATIONS = YES;
				CLANG_WARN_DIRECT_OBJC_ISA_USAGE = YES_ERROR;
				CLANG_WARN_DOCUMENTATION_COMMENTS = YES;
				CLANG_WARN_EMPTY_BODY = YES;
				CLANG_WARN_ENUM_CONVERSION = YES;
				CLANG_WARN_INFINITE_RECURSION = YES;
				CLANG_WARN_INT_CONVERSION = YES;
				CLANG_WARN_NON_LITERAL_NULL_CONVERSION = YES;
				CLANG_WARN_OBJC_IMPLICIT_RETAIN_SELF = YES;
				CLANG_WARN_OBJC_LITERAL_CONVERSION = YES;
				CLANG_WARN_OBJC_ROOT_CLASS = YES_ERROR;
				CLANG_WARN_QUOTED_INCLUDE_IN_FRAMEWORK_HEADER = YES;
				CLANG_WARN_RANGE_LOOP_ANALYSIS = YES;
				CLANG_WARN_STRICT_PROTOTYPES = YES;
				CLANG_WARN_SUSPICIOUS_MOVE = YES;
				CLANG_WARN_UNGUARDED_AVAILABILITY = YES_AGGRESSIVE;
				CLANG_WARN_UNREACHABLE_CODE = YES;
				CLANG_WARN__DUPLICATE_METHOD_MATCH = YES;
				COPY_PHASE_STRIP = NO;
				DEBUG_INFORMATION_FORMAT = dwarf;
				ENABLE_STRICT_OBJC_MSGSEND = YES;
				ENABLE_TESTABILITY = YES;
				GCC_C_LANGUAGE_STANDARD = gnu11;
				GCC_DYNAMIC_NO_PIC = NO;
				GCC_NO_COMMON_BLOCKS = YES;
				GCC_OPTIMIZATION_LEVEL = 0;
				GCC_PREPROCESSOR_DEFINITIONS = (
					"DEBUG=1",
					"$(inherited)",
				);
				GCC_WARN_64_TO_32_BIT_CONVERSION = YES;
				GCC_WARN_ABOUT_RETURN_TYPE = YES_ERROR;
				GCC_WARN_UNDECLARED_SELECTOR = YES;
				GCC_WARN_UNINITIALIZED_AUTOS = YES_AGGRESSIVE;
				GCC_WARN_UNUSED_FUNCTION = YES;
				GCC_WARN_UNUSED_VARIABLE = YES;
				IPHONEOS_DEPLOYMENT_TARGET = 14.5;
				MTL_ENABLE_DEBUG_INFO = INCLUDE_SOURCE;
				MTL_FAST_MATH = YES;
				ONLY_ACTIVE_ARCH = YES;
				SDKROOT = iphoneos;
				SWIFT_ACTIVE_COMPILATION_CONDITIONS = DEBUG;
				SWIFT_OPTIMIZATION_LEVEL = "-Onone";
			};
			name = Debug;
		};
		D5A2713B272442D900F00251 /* Release */ = {
			isa = XCBuildConfiguration;
			buildSettings = {
				ALWAYS_SEARCH_USER_PATHS = NO;
				CLANG_ANALYZER_NONNULL = YES;
				CLANG_ANALYZER_NUMBER_OBJECT_CONVERSION = YES_AGGRESSIVE;
				CLANG_CXX_LANGUAGE_STANDARD = "gnu++14";
				CLANG_CXX_LIBRARY = "libc++";
				CLANG_ENABLE_MODULES = YES;
				CLANG_ENABLE_OBJC_ARC = YES;
				CLANG_ENABLE_OBJC_WEAK = YES;
				CLANG_WARN_BLOCK_CAPTURE_AUTORELEASING = YES;
				CLANG_WARN_BOOL_CONVERSION = YES;
				CLANG_WARN_COMMA = YES;
				CLANG_WARN_CONSTANT_CONVERSION = YES;
				CLANG_WARN_DEPRECATED_OBJC_IMPLEMENTATIONS = YES;
				CLANG_WARN_DIRECT_OBJC_ISA_USAGE = YES_ERROR;
				CLANG_WARN_DOCUMENTATION_COMMENTS = YES;
				CLANG_WARN_EMPTY_BODY = YES;
				CLANG_WARN_ENUM_CONVERSION = YES;
				CLANG_WARN_INFINITE_RECURSION = YES;
				CLANG_WARN_INT_CONVERSION = YES;
				CLANG_WARN_NON_LITERAL_NULL_CONVERSION = YES;
				CLANG_WARN_OBJC_IMPLICIT_RETAIN_SELF = YES;
				CLANG_WARN_OBJC_LITERAL_CONVERSION = YES;
				CLANG_WARN_OBJC_ROOT_CLASS = YES_ERROR;
				CLANG_WARN_QUOTED_INCLUDE_IN_FRAMEWORK_HEADER = YES;
				CLANG_WARN_RANGE_LOOP_ANALYSIS = YES;
				CLANG_WARN_STRICT_PROTOTYPES = YES;
				CLANG_WARN_SUSPICIOUS_MOVE = YES;
				CLANG_WARN_UNGUARDED_AVAILABILITY = YES_AGGRESSIVE;
				CLANG_WARN_UNREACHABLE_CODE = YES;
				CLANG_WARN__DUPLICATE_METHOD_MATCH = YES;
				COPY_PHASE_STRIP = NO;
				DEBUG_INFORMATION_FORMAT = "dwarf-with-dsym";
				ENABLE_NS_ASSERTIONS = NO;
				ENABLE_STRICT_OBJC_MSGSEND = YES;
				GCC_C_LANGUAGE_STANDARD = gnu11;
				GCC_NO_COMMON_BLOCKS = YES;
				GCC_WARN_64_TO_32_BIT_CONVERSION = YES;
				GCC_WARN_ABOUT_RETURN_TYPE = YES_ERROR;
				GCC_WARN_UNDECLARED_SELECTOR = YES;
				GCC_WARN_UNINITIALIZED_AUTOS = YES_AGGRESSIVE;
				GCC_WARN_UNUSED_FUNCTION = YES;
				GCC_WARN_UNUSED_VARIABLE = YES;
				IPHONEOS_DEPLOYMENT_TARGET = 14.5;
				MTL_ENABLE_DEBUG_INFO = NO;
				MTL_FAST_MATH = YES;
				SDKROOT = iphoneos;
				SWIFT_COMPILATION_MODE = wholemodule;
				SWIFT_OPTIMIZATION_LEVEL = "-O";
				VALIDATE_PRODUCT = YES;
			};
			name = Release;
		};
		D5A2713D272442D900F00251 /* Debug */ = {
			isa = XCBuildConfiguration;
			baseConfigurationReference = 4772435EA4CCCCE646CF6576 /* Pods-SubMan.debug.xcconfig */;
			buildSettings = {
				ASSETCATALOG_COMPILER_APPICON_NAME = AppIcon;
				ASSETCATALOG_COMPILER_GLOBAL_ACCENT_COLOR_NAME = AccentColor;
				CODE_SIGN_STYLE = Automatic;
				DEVELOPMENT_TEAM = 52YTAC6M92;
				INFOPLIST_FILE = SubMan/Info.plist;
				LD_RUNPATH_SEARCH_PATHS = (
					"$(inherited)",
					"@executable_path/Frameworks",
				);
				PRODUCT_BUNDLE_IDENTIFIER = LibTrack.SubMan;
				PRODUCT_NAME = "$(TARGET_NAME)";
				SWIFT_VERSION = 5.0;
				TARGETED_DEVICE_FAMILY = 1;
			};
			name = Debug;
		};
		D5A2713E272442D900F00251 /* Release */ = {
			isa = XCBuildConfiguration;
			baseConfigurationReference = C9EEEC003E17C9DBC4EFBE64 /* Pods-SubMan.release.xcconfig */;
			buildSettings = {
				ASSETCATALOG_COMPILER_APPICON_NAME = AppIcon;
				ASSETCATALOG_COMPILER_GLOBAL_ACCENT_COLOR_NAME = AccentColor;
				CODE_SIGN_STYLE = Automatic;
				DEVELOPMENT_TEAM = 52YTAC6M92;
				INFOPLIST_FILE = SubMan/Info.plist;
				LD_RUNPATH_SEARCH_PATHS = (
					"$(inherited)",
					"@executable_path/Frameworks",
				);
				PRODUCT_BUNDLE_IDENTIFIER = LibTrack.SubMan;
				PRODUCT_NAME = "$(TARGET_NAME)";
				SWIFT_VERSION = 5.0;
				TARGETED_DEVICE_FAMILY = 1;
			};
			name = Release;
		};
		D5A27140272442D900F00251 /* Debug */ = {
			isa = XCBuildConfiguration;
			baseConfigurationReference = 4FF0BE41500BD310993981DD /* Pods-SubManTests.debug.xcconfig */;
			buildSettings = {
				ALWAYS_EMBED_SWIFT_STANDARD_LIBRARIES = YES;
				BUNDLE_LOADER = "$(TEST_HOST)";
				CODE_SIGN_STYLE = Automatic;
				DEVELOPMENT_TEAM = 52YTAC6M92;
				INFOPLIST_FILE = SubManTests/Info.plist;
				IPHONEOS_DEPLOYMENT_TARGET = 14.5;
				LD_RUNPATH_SEARCH_PATHS = (
					"$(inherited)",
					"@executable_path/Frameworks",
					"@loader_path/Frameworks",
				);
				PRODUCT_BUNDLE_IDENTIFIER = LibTrack.SubManTests;
				PRODUCT_NAME = "$(TARGET_NAME)";
				SWIFT_VERSION = 5.0;
				TARGETED_DEVICE_FAMILY = "1,2";
				TEST_HOST = "$(BUILT_PRODUCTS_DIR)/SubMan.app/SubMan";
			};
			name = Debug;
		};
		D5A27141272442D900F00251 /* Release */ = {
			isa = XCBuildConfiguration;
			baseConfigurationReference = 4E0297447C6E1D134CFBAD6E /* Pods-SubManTests.release.xcconfig */;
			buildSettings = {
				ALWAYS_EMBED_SWIFT_STANDARD_LIBRARIES = YES;
				BUNDLE_LOADER = "$(TEST_HOST)";
				CODE_SIGN_STYLE = Automatic;
				DEVELOPMENT_TEAM = 52YTAC6M92;
				INFOPLIST_FILE = SubManTests/Info.plist;
				IPHONEOS_DEPLOYMENT_TARGET = 14.5;
				LD_RUNPATH_SEARCH_PATHS = (
					"$(inherited)",
					"@executable_path/Frameworks",
					"@loader_path/Frameworks",
				);
				PRODUCT_BUNDLE_IDENTIFIER = LibTrack.SubManTests;
				PRODUCT_NAME = "$(TARGET_NAME)";
				SWIFT_VERSION = 5.0;
				TARGETED_DEVICE_FAMILY = "1,2";
				TEST_HOST = "$(BUILT_PRODUCTS_DIR)/SubMan.app/SubMan";
			};
			name = Release;
		};
		D5A27143272442D900F00251 /* Debug */ = {
			isa = XCBuildConfiguration;
			baseConfigurationReference = BADA6CD107D138633E74D34C /* Pods-SubMan-SubManUITests.debug.xcconfig */;
			buildSettings = {
				ALWAYS_EMBED_SWIFT_STANDARD_LIBRARIES = YES;
				CODE_SIGN_STYLE = Automatic;
				DEVELOPMENT_TEAM = 52YTAC6M92;
				INFOPLIST_FILE = SubManUITests/Info.plist;
				LD_RUNPATH_SEARCH_PATHS = (
					"$(inherited)",
					"@executable_path/Frameworks",
					"@loader_path/Frameworks",
				);
				PRODUCT_BUNDLE_IDENTIFIER = LibTrack.SubManUITests;
				PRODUCT_NAME = "$(TARGET_NAME)";
				SWIFT_VERSION = 5.0;
				TARGETED_DEVICE_FAMILY = "1,2";
				TEST_TARGET_NAME = SubMan;
			};
			name = Debug;
		};
		D5A27144272442D900F00251 /* Release */ = {
			isa = XCBuildConfiguration;
			baseConfigurationReference = D1FBF51B5596BECE3036F0EF /* Pods-SubMan-SubManUITests.release.xcconfig */;
			buildSettings = {
				ALWAYS_EMBED_SWIFT_STANDARD_LIBRARIES = YES;
				CODE_SIGN_STYLE = Automatic;
				DEVELOPMENT_TEAM = 52YTAC6M92;
				INFOPLIST_FILE = SubManUITests/Info.plist;
				LD_RUNPATH_SEARCH_PATHS = (
					"$(inherited)",
					"@executable_path/Frameworks",
					"@loader_path/Frameworks",
				);
				PRODUCT_BUNDLE_IDENTIFIER = LibTrack.SubManUITests;
				PRODUCT_NAME = "$(TARGET_NAME)";
				SWIFT_VERSION = 5.0;
				TARGETED_DEVICE_FAMILY = "1,2";
				TEST_TARGET_NAME = SubMan;
			};
			name = Release;
		};
/* End XCBuildConfiguration section */

/* Begin XCConfigurationList section */
		D5A2710D272442D500F00251 /* Build configuration list for PBXProject "SubMan" */ = {
			isa = XCConfigurationList;
			buildConfigurations = (
				D5A2713A272442D900F00251 /* Debug */,
				D5A2713B272442D900F00251 /* Release */,
			);
			defaultConfigurationIsVisible = 0;
			defaultConfigurationName = Release;
		};
		D5A2713C272442D900F00251 /* Build configuration list for PBXNativeTarget "SubMan" */ = {
			isa = XCConfigurationList;
			buildConfigurations = (
				D5A2713D272442D900F00251 /* Debug */,
				D5A2713E272442D900F00251 /* Release */,
			);
			defaultConfigurationIsVisible = 0;
			defaultConfigurationName = Release;
		};
		D5A2713F272442D900F00251 /* Build configuration list for PBXNativeTarget "SubManTests" */ = {
			isa = XCConfigurationList;
			buildConfigurations = (
				D5A27140272442D900F00251 /* Debug */,
				D5A27141272442D900F00251 /* Release */,
			);
			defaultConfigurationIsVisible = 0;
			defaultConfigurationName = Release;
		};
		D5A27142272442D900F00251 /* Build configuration list for PBXNativeTarget "SubManUITests" */ = {
			isa = XCConfigurationList;
			buildConfigurations = (
				D5A27143272442D900F00251 /* Debug */,
				D5A27144272442D900F00251 /* Release */,
			);
			defaultConfigurationIsVisible = 0;
			defaultConfigurationName = Release;
		};
/* End XCConfigurationList section */
	};
	rootObject = D5A2710A272442D500F00251 /* Project object */;
}
